
Microsoft Visual Studio Solution File, Format Version 12.00
# Visual Studio Version 17
VisualStudioVersion = 17.14.36414.22 d17.14
MinimumVisualStudioVersion = 10.0.40219.1
Project("{FAE04EC0-301F-11D3-BF4B-00C04F79EFBC}") = "Activity5-CarClassWithFuelEfficiency", "Activity5-CarClassWithFuelEfficiency\Activity5-CarClassWithFuelEfficiency.csproj", "{EB2CACE8-CBEF-403B-8616-7D24C3095763}"
EndProject
Global
	GlobalSection(SolutionConfigurationPlatforms) = preSolution
		Debug|Any CPU = Debug|Any CPU
		Release|Any CPU = Release|Any CPU
	EndGlobalSection
	GlobalSection(ProjectConfigurationPlatforms) = postSolution
		{EB2CACE8-CBEF-403B-8616-7D24C3095763}.Debug|Any CPU.ActiveCfg = Debug|Any CPU
		{EB2CACE8-CBEF-403B-8616-7D24C3095763}.Debug|Any CPU.Build.0 = Debug|Any CPU
		{EB2CACE8-CBEF-403B-8616-7D24C3095763}.Release|Any CPU.ActiveCfg = Release|Any CPU
		{EB2CACE8-CBEF-403B-8616-7D24C3095763}.Release|Any CPU.Build.0 = Release|Any CPU
	EndGlobalSection
	GlobalSection(SolutionProperties) = preSolution
		HideSolutionNode = FALSE
	EndGlobalSection
	GlobalSection(ExtensibilityGlobals) = postSolution
		SolutionGuid = {B714975E-DC80-4EB6-8D3F-633EB7F48380}
	EndGlobalSection
EndGlobal
